// !$*UTF8*$!
{
	archiveVersion = 1;
	classes = {
	};
	objectVersion = 56;
	objects = {

/* Begin PBXBuildFile section */
		C8B6A4DC2A67E70900A74030 /* explore_pageApp.swift in Sources */ = {isa = PBXBuildFile; fileRef = C8B6A4DB2A67E70900A74030 /* explore_pageApp.swift */; };
		C8B6A4DE2A67E70900A74030 /* ContentView.swift in Sources */ = {isa = PBXBuildFile; fileRef = C8B6A4DD2A67E70900A74030 /* ContentView.swift */; };
		C8B6A4E02A67E70A00A74030 /* Assets.xcassets in Resources */ = {isa = PBXBuildFile; fileRef = C8B6A4DF2A67E70A00A74030 /* Assets.xcassets */; };
		C8B6A4E32A67E70A00A74030 /* Preview Assets.xcassets in Resources */ = {isa = PBXBuildFile; fileRef = C8B6A4E22A67E70A00A74030 /* Preview Assets.xcassets */; };
		C8B6A4EA2A67E71C00A74030 /* ExploreView.swift in Sources */ = {isa = PBXBuildFile; fileRef = C8B6A4E92A67E71C00A74030 /* ExploreView.swift */; };
		C8B6A4EC2A67EA4F00A74030 /* HeaderView.swift in Sources */ = {isa = PBXBuildFile; fileRef = C8B6A4EB2A67EA4F00A74030 /* HeaderView.swift */; };
		C8B6A4EE2A67EE3000A74030 /* ButtonMenuComponent.swift in Sources */ = {isa = PBXBuildFile; fileRef = C8B6A4ED2A67EE3000A74030 /* ButtonMenuComponent.swift */; };
		C8B6A4F02A67F03C00A74030 /* MenuView.swift in Sources */ = {isa = PBXBuildFile; fileRef = C8B6A4EF2A67F03C00A74030 /* MenuView.swift */; };
		C8B6A4F22A67F0E500A74030 /* MenuDetailedView.swift in Sources */ = {isa = PBXBuildFile; fileRef = C8B6A4F12A67F0E500A74030 /* MenuDetailedView.swift */; };
		C8B6A4F42A67F41600A74030 /* BannerScrollView.swift in Sources */ = {isa = PBXBuildFile; fileRef = C8B6A4F32A67F41600A74030 /* BannerScrollView.swift */; };
		C8B6A4F62A67F64A00A74030 /* ScheduleView.swift in Sources */ = {isa = PBXBuildFile; fileRef = C8B6A4F52A67F64A00A74030 /* ScheduleView.swift */; };
		C8B6A4F82A6828EA00A74030 /* ScheduleCardView.swift in Sources */ = {isa = PBXBuildFile; fileRef = C8B6A4F72A6828EA00A74030 /* ScheduleCardView.swift */; };
		C8B6A4FA2A682A5C00A74030 /* PartnerView.swift in Sources */ = {isa = PBXBuildFile; fileRef = C8B6A4F92A682A5C00A74030 /* PartnerView.swift */; };
		C8B6A4FC2A682BE300A74030 /* PartnerCardView.swift in Sources */ = {isa = PBXBuildFile; fileRef = C8B6A4FB2A682BE300A74030 /* PartnerCardView.swift */; };
		C8B6A4FE2A682C7800A74030 /* Constants.swift in Sources */ = {isa = PBXBuildFile; fileRef = C8B6A4FD2A682C7800A74030 /* Constants.swift */; };
		C8B6A5002A6837A900A74030 /* PartnerDetailView.swift in Sources */ = {isa = PBXBuildFile; fileRef = C8B6A4FF2A6837A900A74030 /* PartnerDetailView.swift */; };
		C8B6A5022A683BBD00A74030 /* PromoView.swift in Sources */ = {isa = PBXBuildFile; fileRef = C8B6A5012A683BBD00A74030 /* PromoView.swift */; };
		C8B6A5042A683BFC00A74030 /* PromoScrollView.swift in Sources */ = {isa = PBXBuildFile; fileRef = C8B6A5032A683BFC00A74030 /* PromoScrollView.swift */; };
		C8B6A5062A683D5000A74030 /* PromoDetailView.swift in Sources */ = {isa = PBXBuildFile; fileRef = C8B6A5052A683D5000A74030 /* PromoDetailView.swift */; };
		C8B6A5082A683E7000A74030 /* AttractionView.swift in Sources */ = {isa = PBXBuildFile; fileRef = C8B6A5072A683E7000A74030 /* AttractionView.swift */; };
		C8B6A50A2A683EAB00A74030 /* AttractionDetailView.swift in Sources */ = {isa = PBXBuildFile; fileRef = C8B6A5092A683EAB00A74030 /* AttractionDetailView.swift */; };
		C8B6A50C2A683F2900A74030 /* AttractionScrollView.swift in Sources */ = {isa = PBXBuildFile; fileRef = C8B6A50B2A683F2900A74030 /* AttractionScrollView.swift */; };
		C8B6A50E2A683FEA00A74030 /* NewsView.swift in Sources */ = {isa = PBXBuildFile; fileRef = C8B6A50D2A683FEA00A74030 /* NewsView.swift */; };
		C8B6A5102A68405F00A74030 /* NewsScrollView.swift in Sources */ = {isa = PBXBuildFile; fileRef = C8B6A50F2A68405F00A74030 /* NewsScrollView.swift */; };
		C8B6A5122A6840B400A74030 /* NewsDetailView.swift in Sources */ = {isa = PBXBuildFile; fileRef = C8B6A5112A6840B400A74030 /* NewsDetailView.swift */; };
/* End PBXBuildFile section */

/* Begin PBXFileReference section */
		C8B6A4D82A67E70900A74030 /* explore-page.app */ = {isa = PBXFileReference; explicitFileType = wrapper.application; includeInIndex = 0; path = "explore-page.app"; sourceTree = BUILT_PRODUCTS_DIR; };
		C8B6A4DB2A67E70900A74030 /* explore_pageApp.swift */ = {isa = PBXFileReference; lastKnownFileType = sourcecode.swift; path = explore_pageApp.swift; sourceTree = "<group>"; };
		C8B6A4DD2A67E70900A74030 /* ContentView.swift */ = {isa = PBXFileReference; lastKnownFileType = sourcecode.swift; path = ContentView.swift; sourceTree = "<group>"; };
		C8B6A4DF2A67E70A00A74030 /* Assets.xcassets */ = {isa = PBXFileReference; lastKnownFileType = folder.assetcatalog; path = Assets.xcassets; sourceTree = "<group>"; };
		C8B6A4E22A67E70A00A74030 /* Preview Assets.xcassets */ = {isa = PBXFileReference; lastKnownFileType = folder.assetcatalog; path = "Preview Assets.xcassets"; sourceTree = "<group>"; };
		C8B6A4E92A67E71C00A74030 /* ExploreView.swift */ = {isa = PBXFileReference; lastKnownFileType = sourcecode.swift; path = ExploreView.swift; sourceTree = "<group>"; };
		C8B6A4EB2A67EA4F00A74030 /* HeaderView.swift */ = {isa = PBXFileReference; lastKnownFileType = sourcecode.swift; path = HeaderView.swift; sourceTree = "<group>"; };
		C8B6A4ED2A67EE3000A74030 /* ButtonMenuComponent.swift */ = {isa = PBXFileReference; lastKnownFileType = sourcecode.swift; path = ButtonMenuComponent.swift; sourceTree = "<group>"; };
		C8B6A4EF2A67F03C00A74030 /* MenuView.swift */ = {isa = PBXFileReference; lastKnownFileType = sourcecode.swift; path = MenuView.swift; sourceTree = "<group>"; };
		C8B6A4F12A67F0E500A74030 /* MenuDetailedView.swift */ = {isa = PBXFileReference; lastKnownFileType = sourcecode.swift; path = MenuDetailedView.swift; sourceTree = "<group>"; };
		C8B6A4F32A67F41600A74030 /* BannerScrollView.swift */ = {isa = PBXFileReference; lastKnownFileType = sourcecode.swift; path = BannerScrollView.swift; sourceTree = "<group>"; };
		C8B6A4F52A67F64A00A74030 /* ScheduleView.swift */ = {isa = PBXFileReference; lastKnownFileType = sourcecode.swift; path = ScheduleView.swift; sourceTree = "<group>"; };
		C8B6A4F72A6828EA00A74030 /* ScheduleCardView.swift */ = {isa = PBXFileReference; lastKnownFileType = sourcecode.swift; path = ScheduleCardView.swift; sourceTree = "<group>"; };
		C8B6A4F92A682A5C00A74030 /* PartnerView.swift */ = {isa = PBXFileReference; lastKnownFileType = sourcecode.swift; path = PartnerView.swift; sourceTree = "<group>"; };
		C8B6A4FB2A682BE300A74030 /* PartnerCardView.swift */ = {isa = PBXFileReference; lastKnownFileType = sourcecode.swift; path = PartnerCardView.swift; sourceTree = "<group>"; };
		C8B6A4FD2A682C7800A74030 /* Constants.swift */ = {isa = PBXFileReference; lastKnownFileType = sourcecode.swift; path = Constants.swift; sourceTree = "<group>"; };
		C8B6A4FF2A6837A900A74030 /* PartnerDetailView.swift */ = {isa = PBXFileReference; lastKnownFileType = sourcecode.swift; path = PartnerDetailView.swift; sourceTree = "<group>"; };
		C8B6A5012A683BBD00A74030 /* PromoView.swift */ = {isa = PBXFileReference; lastKnownFileType = sourcecode.swift; path = PromoView.swift; sourceTree = "<group>"; };
		C8B6A5032A683BFC00A74030 /* PromoScrollView.swift */ = {isa = PBXFileReference; lastKnownFileType = sourcecode.swift; path = PromoScrollView.swift; sourceTree = "<group>"; };
		C8B6A5052A683D5000A74030 /* PromoDetailView.swift */ = {isa = PBXFileReference; lastKnownFileType = sourcecode.swift; path = PromoDetailView.swift; sourceTree = "<group>"; };
		C8B6A5072A683E7000A74030 /* AttractionView.swift */ = {isa = PBXFileReference; lastKnownFileType = sourcecode.swift; path = AttractionView.swift; sourceTree = "<group>"; };
		C8B6A5092A683EAB00A74030 /* AttractionDetailView.swift */ = {isa = PBXFileReference; lastKnownFileType = sourcecode.swift; path = AttractionDetailView.swift; sourceTree = "<group>"; };
		C8B6A50B2A683F2900A74030 /* AttractionScrollView.swift */ = {isa = PBXFileReference; lastKnownFileType = sourcecode.swift; path = AttractionScrollView.swift; sourceTree = "<group>"; };
		C8B6A50D2A683FEA00A74030 /* NewsView.swift */ = {isa = PBXFileReference; lastKnownFileType = sourcecode.swift; path = NewsView.swift; sourceTree = "<group>"; };
		C8B6A50F2A68405F00A74030 /* NewsScrollView.swift */ = {isa = PBXFileReference; lastKnownFileType = sourcecode.swift; path = NewsScrollView.swift; sourceTree = "<group>"; };
		C8B6A5112A6840B400A74030 /* NewsDetailView.swift */ = {isa = PBXFileReference; lastKnownFileType = sourcecode.swift; path = NewsDetailView.swift; sourceTree = "<group>"; };
/* End PBXFileReference section */

/* Begin PBXFrameworksBuildPhase section */
		C8B6A4D52A67E70900A74030 /* Frameworks */ = {
			isa = PBXFrameworksBuildPhase;
			buildActionMask = 2147483647;
			files = (
			);
			runOnlyForDeploymentPostprocessing = 0;
		};
/* End PBXFrameworksBuildPhase section */

/* Begin PBXGroup section */
		C8B6A4CF2A67E70900A74030 = {
			isa = PBXGroup;
			children = (
				C8B6A4DA2A67E70900A74030 /* explore-page */,
				C8B6A4D92A67E70900A74030 /* Products */,
			);
			sourceTree = "<group>";
		};
		C8B6A4D92A67E70900A74030 /* Products */ = {
			isa = PBXGroup;
			children = (
				C8B6A4D82A67E70900A74030 /* explore-page.app */,
			);
			name = Products;
			sourceTree = "<group>";
		};
		C8B6A4DA2A67E70900A74030 /* explore-page */ = {
			isa = PBXGroup;
			children = (
				C8B6A4ED2A67EE3000A74030 /* ButtonMenuComponent.swift */,
				C8B6A4EF2A67F03C00A74030 /* MenuView.swift */,
				C8B6A4F12A67F0E500A74030 /* MenuDetailedView.swift */,
				C8B6A4DB2A67E70900A74030 /* explore_pageApp.swift */,
				C8B6A4DD2A67E70900A74030 /* ContentView.swift */,
				C8B6A4EB2A67EA4F00A74030 /* HeaderView.swift */,
				C8B6A4F52A67F64A00A74030 /* ScheduleView.swift */,
				C8B6A4F72A6828EA00A74030 /* ScheduleCardView.swift */,
				C8B6A4DF2A67E70A00A74030 /* Assets.xcassets */,
				C8B6A4E12A67E70A00A74030 /* Preview Content */,
				C8B6A4E92A67E71C00A74030 /* ExploreView.swift */,
				C8B6A50D2A683FEA00A74030 /* NewsView.swift */,
				C8B6A5112A6840B400A74030 /* NewsDetailView.swift */,
				C8B6A50F2A68405F00A74030 /* NewsScrollView.swift */,
				C8B6A4F32A67F41600A74030 /* BannerScrollView.swift */,
				C8B6A4F92A682A5C00A74030 /* PartnerView.swift */,
				C8B6A4FB2A682BE300A74030 /* PartnerCardView.swift */,
				C8B6A4FF2A6837A900A74030 /* PartnerDetailView.swift */,
				C8B6A5012A683BBD00A74030 /* PromoView.swift */,
				C8B6A5072A683E7000A74030 /* AttractionView.swift */,
				C8B6A5092A683EAB00A74030 /* AttractionDetailView.swift */,
				C8B6A50B2A683F2900A74030 /* AttractionScrollView.swift */,
				C8B6A5052A683D5000A74030 /* PromoDetailView.swift */,
				C8B6A5032A683BFC00A74030 /* PromoScrollView.swift */,
				C8B6A4FD2A682C7800A74030 /* Constants.swift */,
			);
			path = "explore-page";
			sourceTree = "<group>";
		};
		C8B6A4E12A67E70A00A74030 /* Preview Content */ = {
			isa = PBXGroup;
			children = (
				C8B6A4E22A67E70A00A74030 /* Preview Assets.xcassets */,
			);
			path = "Preview Content";
			sourceTree = "<group>";
		};
/* End PBXGroup section */

/* Begin PBXNativeTarget section */
		C8B6A4D72A67E70900A74030 /* explore-page */ = {
			isa = PBXNativeTarget;
			buildConfigurationList = C8B6A4E62A67E70A00A74030 /* Build configuration list for PBXNativeTarget "explore-page" */;
			buildPhases = (
				C8B6A4D42A67E70900A74030 /* Sources */,
				C8B6A4D52A67E70900A74030 /* Frameworks */,
				C8B6A4D62A67E70900A74030 /* Resources */,
			);
			buildRules = (
			);
			dependencies = (
			);
			name = "explore-page";
			productName = "explore-page";
			productReference = C8B6A4D82A67E70900A74030 /* explore-page.app */;
			productType = "com.apple.product-type.application";
		};
/* End PBXNativeTarget section */

/* Begin PBXProject section */
		C8B6A4D02A67E70900A74030 /* Project object */ = {
			isa = PBXProject;
			attributes = {
				BuildIndependentTargetsInParallel = 1;
				LastSwiftUpdateCheck = 1430;
				LastUpgradeCheck = 1430;
				TargetAttributes = {
					C8B6A4D72A67E70900A74030 = {
						CreatedOnToolsVersion = 14.3;
					};
				};
			};
			buildConfigurationList = C8B6A4D32A67E70900A74030 /* Build configuration list for PBXProject "explore-page" */;
			compatibilityVersion = "Xcode 14.0";
			developmentRegion = en;
			hasScannedForEncodings = 0;
			knownRegions = (
				en,
				Base,
			);
			mainGroup = C8B6A4CF2A67E70900A74030;
			productRefGroup = C8B6A4D92A67E70900A74030 /* Products */;
			projectDirPath = "";
			projectRoot = "";
			targets = (
				C8B6A4D72A67E70900A74030 /* explore-page */,
			);
		};
/* End PBXProject section */

/* Begin PBXResourcesBuildPhase section */
		C8B6A4D62A67E70900A74030 /* Resources */ = {
			isa = PBXResourcesBuildPhase;
			buildActionMask = 2147483647;
			files = (
				C8B6A4E32A67E70A00A74030 /* Preview Assets.xcassets in Resources */,
				C8B6A4E02A67E70A00A74030 /* Assets.xcassets in Resources */,
			);
			runOnlyForDeploymentPostprocessing = 0;
		};
/* End PBXResourcesBuildPhase section */

/* Begin PBXSourcesBuildPhase section */
		C8B6A4D42A67E70900A74030 /* Sources */ = {
			isa = PBXSourcesBuildPhase;
			buildActionMask = 2147483647;
			files = (
				C8B6A50C2A683F2900A74030 /* AttractionScrollView.swift in Sources */,
				C8B6A4EE2A67EE3000A74030 /* ButtonMenuComponent.swift in Sources */,
				C8B6A5122A6840B400A74030 /* NewsDetailView.swift in Sources */,
				C8B6A4F02A67F03C00A74030 /* MenuView.swift in Sources */,
				C8B6A50E2A683FEA00A74030 /* NewsView.swift in Sources */,
				C8B6A4DE2A67E70900A74030 /* ContentView.swift in Sources */,
				C8B6A4F82A6828EA00A74030 /* ScheduleCardView.swift in Sources */,
				C8B6A4EA2A67E71C00A74030 /* ExploreView.swift in Sources */,
				C8B6A4FA2A682A5C00A74030 /* PartnerView.swift in Sources */,
				C8B6A5022A683BBD00A74030 /* PromoView.swift in Sources */,
				C8B6A5042A683BFC00A74030 /* PromoScrollView.swift in Sources */,
				C8B6A5002A6837A900A74030 /* PartnerDetailView.swift in Sources */,
				C8B6A4F42A67F41600A74030 /* BannerScrollView.swift in Sources */,
				C8B6A4FE2A682C7800A74030 /* Constants.swift in Sources */,
				C8B6A5082A683E7000A74030 /* AttractionView.swift in Sources */,
				C8B6A4F62A67F64A00A74030 /* ScheduleView.swift in Sources */,
				C8B6A4DC2A67E70900A74030 /* explore_pageApp.swift in Sources */,
				C8B6A50A2A683EAB00A74030 /* AttractionDetailView.swift in Sources */,
				C8B6A4FC2A682BE300A74030 /* PartnerCardView.swift in Sources */,
				C8B6A5102A68405F00A74030 /* NewsScrollView.swift in Sources */,
				C8B6A4F22A67F0E500A74030 /* MenuDetailedView.swift in Sources */,
				C8B6A4EC2A67EA4F00A74030 /* HeaderView.swift in Sources */,
				C8B6A5062A683D5000A74030 /* PromoDetailView.swift in Sources */,
			);
			runOnlyForDeploymentPostprocessing = 0;
		};
/* End PBXSourcesBuildPhase section */

/* Begin XCBuildConfiguration section */
		C8B6A4E42A67E70A00A74030 /* Debug */ = {
			isa = XCBuildConfiguration;
			buildSettings = {
				ALWAYS_SEARCH_USER_PATHS = NO;
				CLANG_ANALYZER_NONNULL = YES;
				CLANG_ANALYZER_NUMBER_OBJECT_CONVERSION = YES_AGGRESSIVE;
				CLANG_CXX_LANGUAGE_STANDARD = "gnu++20";
				CLANG_ENABLE_MODULES = YES;
				CLANG_ENABLE_OBJC_ARC = YES;
				CLANG_ENABLE_OBJC_WEAK = YES;
				CLANG_WARN_BLOCK_CAPTURE_AUTORELEASING = YES;
				CLANG_WARN_BOOL_CONVERSION = YES;
				CLANG_WARN_COMMA = YES;
				CLANG_WARN_CONSTANT_CONVERSION = YES;
				CLANG_WARN_DEPRECATED_OBJC_IMPLEMENTATIONS = YES;
				CLANG_WARN_DIRECT_OBJC_ISA_USAGE = YES_ERROR;
				CLANG_WARN_DOCUMENTATION_COMMENTS = YES;
				CLANG_WARN_EMPTY_BODY = YES;
				CLANG_WARN_ENUM_CONVERSION = YES;
				CLANG_WARN_INFINITE_RECURSION = YES;
				CLANG_WARN_INT_CONVERSION = YES;
				CLANG_WARN_NON_LITERAL_NULL_CONVERSION = YES;
				CLANG_WARN_OBJC_IMPLICIT_RETAIN_SELF = YES;
				CLANG_WARN_OBJC_LITERAL_CONVERSION = YES;
				CLANG_WARN_OBJC_ROOT_CLASS = YES_ERROR;
				CLANG_WARN_QUOTED_INCLUDE_IN_FRAMEWORK_HEADER = YES;
				CLANG_WARN_RANGE_LOOP_ANALYSIS = YES;
				CLANG_WARN_STRICT_PROTOTYPES = YES;
				CLANG_WARN_SUSPICIOUS_MOVE = YES;
				CLANG_WARN_UNGUARDED_AVAILABILITY = YES_AGGRESSIVE;
				CLANG_WARN_UNREACHABLE_CODE = YES;
				CLANG_WARN__DUPLICATE_METHOD_MATCH = YES;
				COPY_PHASE_STRIP = NO;
				DEBUG_INFORMATION_FORMAT = dwarf;
				ENABLE_STRICT_OBJC_MSGSEND = YES;
				ENABLE_TESTABILITY = YES;
				GCC_C_LANGUAGE_STANDARD = gnu11;
				GCC_DYNAMIC_NO_PIC = NO;
				GCC_NO_COMMON_BLOCKS = YES;
				GCC_OPTIMIZATION_LEVEL = 0;
				GCC_PREPROCESSOR_DEFINITIONS = (
					"DEBUG=1",
					"$(inherited)",
				);
				GCC_WARN_64_TO_32_BIT_CONVERSION = YES;
				GCC_WARN_ABOUT_RETURN_TYPE = YES_ERROR;
				GCC_WARN_UNDECLARED_SELECTOR = YES;
				GCC_WARN_UNINITIALIZED_AUTOS = YES_AGGRESSIVE;
				GCC_WARN_UNUSED_FUNCTION = YES;
				GCC_WARN_UNUSED_VARIABLE = YES;
				IPHONEOS_DEPLOYMENT_TARGET = 16.4;
				MTL_ENABLE_DEBUG_INFO = INCLUDE_SOURCE;
				MTL_FAST_MATH = YES;
				ONLY_ACTIVE_ARCH = YES;
				SDKROOT = iphoneos;
				SWIFT_ACTIVE_COMPILATION_CONDITIONS = DEBUG;
				SWIFT_OPTIMIZATION_LEVEL = "-Onone";
			};
			name = Debug;
		};
		C8B6A4E52A67E70A00A74030 /* Release */ = {
			isa = XCBuildConfiguration;
			buildSettings = {
				ALWAYS_SEARCH_USER_PATHS = NO;
				CLANG_ANALYZER_NONNULL = YES;
				CLANG_ANALYZER_NUMBER_OBJECT_CONVERSION = YES_AGGRESSIVE;
				CLANG_CXX_LANGUAGE_STANDARD = "gnu++20";
				CLANG_ENABLE_MODULES = YES;
				CLANG_ENABLE_OBJC_ARC = YES;
				CLANG_ENABLE_OBJC_WEAK = YES;
				CLANG_WARN_BLOCK_CAPTURE_AUTORELEASING = YES;
				CLANG_WARN_BOOL_CONVERSION = YES;
				CLANG_WARN_COMMA = YES;
				CLANG_WARN_CONSTANT_CONVERSION = YES;
				CLANG_WARN_DEPRECATED_OBJC_IMPLEMENTATIONS = YES;
				CLANG_WARN_DIRECT_OBJC_ISA_USAGE = YES_ERROR;
				CLANG_WARN_DOCUMENTATION_COMMENTS = YES;
				CLANG_WARN_EMPTY_BODY = YES;
				CLANG_WARN_ENUM_CONVERSION = YES;
				CLANG_WARN_INFINITE_RECURSION = YES;
				CLANG_WARN_INT_CONVERSION = YES;
				CLANG_WARN_NON_LITERAL_NULL_CONVERSION = YES;
				CLANG_WARN_OBJC_IMPLICIT_RETAIN_SELF = YES;
				CLANG_WARN_OBJC_LITERAL_CONVERSION = YES;
				CLANG_WARN_OBJC_ROOT_CLASS = YES_ERROR;
				CLANG_WARN_QUOTED_INCLUDE_IN_FRAMEWORK_HEADER = YES;
				CLANG_WARN_RANGE_LOOP_ANALYSIS = YES;
				CLANG_WARN_STRICT_PROTOTYPES = YES;
				CLANG_WARN_SUSPICIOUS_MOVE = YES;
				CLANG_WARN_UNGUARDED_AVAILABILITY = YES_AGGRESSIVE;
				CLANG_WARN_UNREACHABLE_CODE = YES;
				CLANG_WARN__DUPLICATE_METHOD_MATCH = YES;
				COPY_PHASE_STRIP = NO;
				DEBUG_INFORMATION_FORMAT = "dwarf-with-dsym";
				ENABLE_NS_ASSERTIONS = NO;
				ENABLE_STRICT_OBJC_MSGSEND = YES;
				GCC_C_LANGUAGE_STANDARD = gnu11;
				GCC_NO_COMMON_BLOCKS = YES;
				GCC_WARN_64_TO_32_BIT_CONVERSION = YES;
				GCC_WARN_ABOUT_RETURN_TYPE = YES_ERROR;
				GCC_WARN_UNDECLARED_SELECTOR = YES;
				GCC_WARN_UNINITIALIZED_AUTOS = YES_AGGRESSIVE;
				GCC_WARN_UNUSED_FUNCTION = YES;
				GCC_WARN_UNUSED_VARIABLE = YES;
				IPHONEOS_DEPLOYMENT_TARGET = 16.4;
				MTL_ENABLE_DEBUG_INFO = NO;
				MTL_FAST_MATH = YES;
				SDKROOT = iphoneos;
				SWIFT_COMPILATION_MODE = wholemodule;
				SWIFT_OPTIMIZATION_LEVEL = "-O";
				VALIDATE_PRODUCT = YES;
			};
			name = Release;
		};
		C8B6A4E72A67E70A00A74030 /* Debug */ = {
			isa = XCBuildConfiguration;
			buildSettings = {
				ASSETCATALOG_COMPILER_APPICON_NAME = AppIcon;
				ASSETCATALOG_COMPILER_GLOBAL_ACCENT_COLOR_NAME = AccentColor;
				CODE_SIGN_STYLE = Automatic;
				CURRENT_PROJECT_VERSION = 1;
				DEVELOPMENT_ASSET_PATHS = "\"explore-page/Preview Content\"";
				DEVELOPMENT_TEAM = 3JRNJ7A823;
				ENABLE_PREVIEWS = YES;
				GENERATE_INFOPLIST_FILE = YES;
				INFOPLIST_KEY_UIApplicationSceneManifest_Generation = YES;
				INFOPLIST_KEY_UIApplicationSupportsIndirectInputEvents = YES;
				INFOPLIST_KEY_UILaunchScreen_Generation = YES;
				INFOPLIST_KEY_UISupportedInterfaceOrientations_iPad = "UIInterfaceOrientationPortrait UIInterfaceOrientationPortraitUpsideDown UIInterfaceOrientationLandscapeLeft UIInterfaceOrientationLandscapeRight";
				INFOPLIST_KEY_UISupportedInterfaceOrientations_iPhone = "UIInterfaceOrientationPortrait UIInterfaceOrientationLandscapeLeft UIInterfaceOrientationLandscapeRight";
				LD_RUNPATH_SEARCH_PATHS = (
					"$(inherited)",
					"@executable_path/Frameworks",
				);
				MARKETING_VERSION = 1.0;
				PRODUCT_BUNDLE_IDENTIFIER = "kevinchristanto.explore-page";
				PRODUCT_NAME = "$(TARGET_NAME)";
				SWIFT_EMIT_LOC_STRINGS = YES;
				SWIFT_VERSION = 5.0;
				TARGETED_DEVICE_FAMILY = "1,2";
			};
			name = Debug;
		};
		C8B6A4E82A67E70A00A74030 /* Release */ = {
			isa = XCBuildConfiguration;
			buildSettings = {
				ASSETCATALOG_COMPILER_APPICON_NAME = AppIcon;
				ASSETCATALOG_COMPILER_GLOBAL_ACCENT_COLOR_NAME = AccentColor;
				CODE_SIGN_STYLE = Automatic;
				CURRENT_PROJECT_VERSION = 1;
				DEVELOPMENT_ASSET_PATHS = "\"explore-page/Preview Content\"";
				DEVELOPMENT_TEAM = 3JRNJ7A823;
				ENABLE_PREVIEWS = YES;
				GENERATE_INFOPLIST_FILE = YES;
				INFOPLIST_KEY_UIApplicationSceneManifest_Generation = YES;
				INFOPLIST_KEY_UIApplicationSupportsIndirectInputEvents = YES;
				INFOPLIST_KEY_UILaunchScreen_Generation = YES;
				INFOPLIST_KEY_UISupportedInterfaceOrientations_iPad = "UIInterfaceOrientationPortrait UIInterfaceOrientationPortraitUpsideDown UIInterfaceOrientationLandscapeLeft UIInterfaceOrientationLandscapeRight";
				INFOPLIST_KEY_UISupportedInterfaceOrientations_iPhone = "UIInterfaceOrientationPortrait UIInterfaceOrientationLandscapeLeft UIInterfaceOrientationLandscapeRight";
				LD_RUNPATH_SEARCH_PATHS = (
					"$(inherited)",
					"@executable_path/Frameworks",
				);
				MARKETING_VERSION = 1.0;
				PRODUCT_BUNDLE_IDENTIFIER = "kevinchristanto.explore-page";
				PRODUCT_NAME = "$(TARGET_NAME)";
				SWIFT_EMIT_LOC_STRINGS = YES;
				SWIFT_VERSION = 5.0;
				TARGETED_DEVICE_FAMILY = "1,2";
			};
			name = Release;
		};
/* End XCBuildConfiguration section */

/* Begin XCConfigurationList section */
		C8B6A4D32A67E70900A74030 /* Build configuration list for PBXProject "explore-page" */ = {
			isa = XCConfigurationList;
			buildConfigurations = (
				C8B6A4E42A67E70A00A74030 /* Debug */,
				C8B6A4E52A67E70A00A74030 /* Release */,
			);
			defaultConfigurationIsVisible = 0;
			defaultConfigurationName = Release;
		};
		C8B6A4E62A67E70A00A74030 /* Build configuration list for PBXNativeTarget "explore-page" */ = {
			isa = XCConfigurationList;
			buildConfigurations = (
				C8B6A4E72A67E70A00A74030 /* Debug */,
				C8B6A4E82A67E70A00A74030 /* Release */,
			);
			defaultConfigurationIsVisible = 0;
			defaultConfigurationName = Release;
		};
/* End XCConfigurationList section */
	};
	rootObject = C8B6A4D02A67E70900A74030 /* Project object */;
}
